{
  "name": "myExpress",
  "version": "0.0.1",
  "lockfileVersion": 1,
  "requires": true,
  "dependencies": {
    "array-flatten": {
      "version": "2.1.1",
      "resolved": "https://registry.npmjs.org/array-flatten/-/array-flatten-2.1.1.tgz",
      "integrity": "sha1-Qmu52oQJDBg42BLIFQryCoMx4pY="
    },
    "merge-descriptors": {
      "version": "1.0.1",
      "resolved": "https://registry.npmjs.org/merge-descriptors/-/merge-descriptors-1.0.1.tgz",
      "integrity": "sha1-sAqqVW3YtEVoFQ7J0blT8/kMu2E="
    },
    "methods": {
      "version": "1.1.2",
      "resolved": "https://registry.npmjs.org/methods/-/methods-1.1.2.tgz",
      "integrity": "sha1-VSmk1nZUE07cxSZmVoNbD4Ua/O4="
    }
  }
}
